PODS:
  - FormBuilder (0.5.8)
  - Nimble (7.3.1)
  - Quick (1.3.2)

DEPENDENCIES:
  - FormBuilder (from `../`)
  - Nimble (~> 7.3.1)
  - Quick (~> 1.3.2)

SPEC REPOS:
  https://github.com/cocoapods/specs.git:
    - Nimble
    - Quick

EXTERNAL SOURCES:
  FormBuilder:
    :path: "../"

SPEC CHECKSUMS:
  FormBuilder: 63f65c2c5ef7ecf2e488daf6381fe683046c3584
  Nimble: 04f732da099ea4d153122aec8c2a88fd0c7219ae
  Quick: 2623cb30d7a7f41ca62f684f679586558f483d46

PODFILE CHECKSUM: cf15626b572782d388f30ad2a275e973f1a3e8d3

COCOAPODS: 1.5.3
